
Microsoft Visual Studio Solution File, Format Version 12.00
# Visual Studio Version 17
VisualStudioVersion = 17.10.35004.147
MinimumVisualStudioVersion = 10.0.40219.1
Project("{FAE04EC0-301F-11D3-BF4B-00C04F79EFBC}") = "SO78850550", "SO78850550\SO78850550.csproj", "{DE32934E-A0B0-4B03-AFB9-DF0CE97AFA76}"
EndProject
Global
	GlobalSection(SolutionConfigurationPlatforms) = preSolution
		Debug|Any CPU = Debug|Any CPU
		Release|Any CPU = Release|Any CPU
	EndGlobalSection
	GlobalSection(ProjectConfigurationPlatforms) = postSolution
		{DE32934E-A0B0-4B03-AFB9-DF0CE97AFA76}.Debug|Any CPU.ActiveCfg = Debug|Any CPU
		{DE32934E-A0B0-4B03-AFB9-DF0CE97AFA76}.Debug|Any CPU.Build.0 = Debug|Any CPU
		{DE32934E-A0B0-4B03-AFB9-DF0CE97AFA76}.Release|Any CPU.ActiveCfg = Release|Any CPU
		{DE32934E-A0B0-4B03-AFB9-DF0CE97AFA76}.Release|Any CPU.Build.0 = Release|Any CPU
	EndGlobalSection
	GlobalSection(SolutionProperties) = preSolution
		HideSolutionNode = FALSE
	EndGlobalSection
	GlobalSection(ExtensibilityGlobals) = postSolution
		SolutionGuid = {042EB9E6-0187-4EDC-AC23-D89EE070FB76}
	EndGlobalSection
EndGlobal
